
Microsoft Visual Studio Solution File, Format Version 12.00
# Visual Studio 15
VisualStudioVersion = 15.0.27130.2003
MinimumVisualStudioVersion = 10.0.40219.1
Project("{FAE04EC0-301F-11D3-BF4B-00C04F79EFBC}") = "SharpDXPingPong", "SharpDXPingPong\SharpDXPingPong.csproj", "{0097176D-A523-4186-A581-6AEBF2A3CDB1}"
EndProject
Project("{FAE04EC0-301F-11D3-BF4B-00C04F79EFBC}") = "Engine", "Engine\Engine.csproj", "{1ED51F12-61BF-4D85-B0F0-5B0E746498AD}"
EndProject
Global
	GlobalSection(SolutionConfigurationPlatforms) = preSolution
		Debug|Any CPU = Debug|Any CPU
		Release|Any CPU = Release|Any CPU
	EndGlobalSection
	GlobalSection(ProjectConfigurationPlatforms) = postSolution
		{0097176D-A523-4186-A581-6AEBF2A3CDB1}.Debug|Any CPU.ActiveCfg = Debug|Any CPU
		{0097176D-A523-4186-A581-6AEBF2A3CDB1}.Debug|Any CPU.Build.0 = Debug|Any CPU
		{0097176D-A523-4186-A581-6AEBF2A3CDB1}.Release|Any CPU.ActiveCfg = Release|Any CPU
		{0097176D-A523-4186-A581-6AEBF2A3CDB1}.Release|Any CPU.Build.0 = Release|Any CPU
		{1ED51F12-61BF-4D85-B0F0-5B0E746498AD}.Debug|Any CPU.ActiveCfg = Debug|Any CPU
		{1ED51F12-61BF-4D85-B0F0-5B0E746498AD}.Debug|Any CPU.Build.0 = Debug|Any CPU
		{1ED51F12-61BF-4D85-B0F0-5B0E746498AD}.Release|Any CPU.ActiveCfg = Release|Any CPU
		{1ED51F12-61BF-4D85-B0F0-5B0E746498AD}.Release|Any CPU.Build.0 = Release|Any CPU
	EndGlobalSection
	GlobalSection(SolutionProperties) = preSolution
		HideSolutionNode = FALSE
	EndGlobalSection
	GlobalSection(ExtensibilityGlobals) = postSolution
		SolutionGuid = {F071DB9E-6ECB-47E7-BE0A-4B74C62AAA33}
	EndGlobalSection
EndGlobal
